// !$*UTF8*$!
{
	archiveVersion = 1;
	classes = {
	};
	objectVersion = 50;
	objects = {

/* Begin PBXBuildFile section */
		5652CBBD24913924004CF149 /* AppConfiguration.swift in Sources */ = {isa = PBXBuildFile; fileRef = 5652CBBC24913924004CF149 /* AppConfiguration.swift */; };
		56B2AD5124918A3500036959 /* HttpUtils.swift in Sources */ = {isa = PBXBuildFile; fileRef = 56B2AD5024918A3500036959 /* HttpUtils.swift */; };
		592EA82F2486B2140003ECC3 /* AmazonChimeSDK.framework in Frameworks */ = {isa = PBXBuildFile; fileRef = 592EA82D2486B2140003ECC3 /* AmazonChimeSDK.framework */; };
		592EA8302486B2140003ECC3 /* AmazonChimeSDK.framework in Embed Frameworks */ = {isa = PBXBuildFile; fileRef = 592EA82D2486B2140003ECC3 /* AmazonChimeSDK.framework */; settings = {ATTRIBUTES = (CodeSignOnCopy, RemoveHeadersOnCopy, ); }; };
		592EA8312486B2140003ECC3 /* AmazonChimeSDKMedia.framework in Frameworks */ = {isa = PBXBuildFile; fileRef = 592EA82E2486B2140003ECC3 /* AmazonChimeSDKMedia.framework */; };
		592EA8322486B2140003ECC3 /* AmazonChimeSDKMedia.framework in Embed Frameworks */ = {isa = PBXBuildFile; fileRef = 592EA82E2486B2140003ECC3 /* AmazonChimeSDKMedia.framework */; settings = {ATTRIBUTES = (CodeSignOnCopy, RemoveHeadersOnCopy, ); }; };
		594B28652485895C0092D1D9 /* AppDelegate.swift in Sources */ = {isa = PBXBuildFile; fileRef = 594B28642485895C0092D1D9 /* AppDelegate.swift */; };
		594B28672485895C0092D1D9 /* SceneDelegate.swift in Sources */ = {isa = PBXBuildFile; fileRef = 594B28662485895C0092D1D9 /* SceneDelegate.swift */; };
		594B28692485895C0092D1D9 /* ConferenceRoomViewController.swift in Sources */ = {isa = PBXBuildFile; fileRef = 594B28682485895C0092D1D9 /* ConferenceRoomViewController.swift */; };
		594B286C2485895C0092D1D9 /* Main.storyboard in Resources */ = {isa = PBXBuildFile; fileRef = 594B286A2485895C0092D1D9 /* Main.storyboard */; };
		594B286E2485895D0092D1D9 /* Assets.xcassets in Resources */ = {isa = PBXBuildFile; fileRef = 594B286D2485895D0092D1D9 /* Assets.xcassets */; };
		594B28712485895D0092D1D9 /* LaunchScreen.storyboard in Resources */ = {isa = PBXBuildFile; fileRef = 594B286F2485895D0092D1D9 /* LaunchScreen.storyboard */; };
		594B287C2485895D0092D1D9 /* ConferenceApplicationTests.swift in Sources */ = {isa = PBXBuildFile; fileRef = 594B287B2485895D0092D1D9 /* ConferenceApplicationTests.swift */; };
		594B28872485895D0092D1D9 /* ConferenceApplicationUITests.swift in Sources */ = {isa = PBXBuildFile; fileRef = 594B28862485895D0092D1D9 /* ConferenceApplicationUITests.swift */; };
		59921C9F248F8EBD00727012 /* RosterAttendee.swift in Sources */ = {isa = PBXBuildFile; fileRef = 59921C9E248F8EBD00727012 /* RosterAttendee.swift */; };
		59FA6EBD24921BF700ABD1C7 /* ViewController.swift in Sources */ = {isa = PBXBuildFile; fileRef = 59FA6EBC24921BF700ABD1C7 /* ViewController.swift */; };
		59FA6EBF24921D8100ABD1C7 /* JoinMeetingResponse.swift in Sources */ = {isa = PBXBuildFile; fileRef = 59FA6EBE24921D8100ABD1C7 /* JoinMeetingResponse.swift */; };
/* End PBXBuildFile section */

/* Begin PBXContainerItemProxy section */
		594B28782485895D0092D1D9 /* PBXContainerItemProxy */ = {
			isa = PBXContainerItemProxy;
			containerPortal = 594B28592485895C0092D1D9 /* Project object */;
			proxyType = 1;
			remoteGlobalIDString = 594B28602485895C0092D1D9;
			remoteInfo = ConferenceApplication;
		};
		594B28832485895D0092D1D9 /* PBXContainerItemProxy */ = {
			isa = PBXContainerItemProxy;
			containerPortal = 594B28592485895C0092D1D9 /* Project object */;
			proxyType = 1;
			remoteGlobalIDString = 594B28602485895C0092D1D9;
			remoteInfo = ConferenceApplication;
		};
/* End PBXContainerItemProxy section */

/* Begin PBXCopyFilesBuildPhase section */
		592EA8332486B2140003ECC3 /* Embed Frameworks */ = {
			isa = PBXCopyFilesBuildPhase;
			buildActionMask = 2147483647;
			dstPath = "";
			dstSubfolderSpec = 10;
			files = (
				592EA8302486B2140003ECC3 /* AmazonChimeSDK.framework in Embed Frameworks */,
				592EA8322486B2140003ECC3 /* AmazonChimeSDKMedia.framework in Embed Frameworks */,
			);
			name = "Embed Frameworks";
			runOnlyForDeploymentPostprocessing = 0;
		};
/* End PBXCopyFilesBuildPhase section */

/* Begin PBXFileReference section */
		5652CBBC24913924004CF149 /* AppConfiguration.swift */ = {isa = PBXFileReference; lastKnownFileType = sourcecode.swift; path = AppConfiguration.swift; sourceTree = "<group>"; };
		56B2AD5024918A3500036959 /* HttpUtils.swift */ = {isa = PBXFileReference; fileEncoding = 4; lastKnownFileType = sourcecode.swift; path = HttpUtils.swift; sourceTree = "<group>"; };
		592EA82D2486B2140003ECC3 /* AmazonChimeSDK.framework */ = {isa = PBXFileReference; lastKnownFileType = wrapper.framework; path = AmazonChimeSDK.framework; sourceTree = "<group>"; };
		592EA82E2486B2140003ECC3 /* AmazonChimeSDKMedia.framework */ = {isa = PBXFileReference; lastKnownFileType = wrapper.framework; path = AmazonChimeSDKMedia.framework; sourceTree = "<group>"; };
		594B28612485895C0092D1D9 /* Jalsa.app */ = {isa = PBXFileReference; explicitFileType = wrapper.application; includeInIndex = 0; path = Jalsa.app; sourceTree = BUILT_PRODUCTS_DIR; };
		594B28642485895C0092D1D9 /* AppDelegate.swift */ = {isa = PBXFileReference; lastKnownFileType = sourcecode.swift; path = AppDelegate.swift; sourceTree = "<group>"; };
		594B28662485895C0092D1D9 /* SceneDelegate.swift */ = {isa = PBXFileReference; lastKnownFileType = sourcecode.swift; path = SceneDelegate.swift; sourceTree = "<group>"; };
		594B28682485895C0092D1D9 /* ConferenceRoomViewController.swift */ = {isa = PBXFileReference; lastKnownFileType = sourcecode.swift; path = ConferenceRoomViewController.swift; sourceTree = "<group>"; };
		594B286B2485895C0092D1D9 /* Base */ = {isa = PBXFileReference; lastKnownFileType = file.storyboard; name = Base; path = Base.lproj/Main.storyboard; sourceTree = "<group>"; };
		594B286D2485895D0092D1D9 /* Assets.xcassets */ = {isa = PBXFileReference; lastKnownFileType = folder.assetcatalog; path = Assets.xcassets; sourceTree = "<group>"; };
		594B28702485895D0092D1D9 /* Base */ = {isa = PBXFileReference; lastKnownFileType = file.storyboard; name = Base; path = Base.lproj/LaunchScreen.storyboard; sourceTree = "<group>"; };
		594B28722485895D0092D1D9 /* Info.plist */ = {isa = PBXFileReference; lastKnownFileType = text.plist.xml; path = Info.plist; sourceTree = "<group>"; };
		594B28772485895D0092D1D9 /* ConferenceApplicationTests.xctest */ = {isa = PBXFileReference; explicitFileType = wrapper.cfbundle; includeInIndex = 0; path = ConferenceApplicationTests.xctest; sourceTree = BUILT_PRODUCTS_DIR; };
		594B287B2485895D0092D1D9 /* ConferenceApplicationTests.swift */ = {isa = PBXFileReference; lastKnownFileType = sourcecode.swift; path = ConferenceApplicationTests.swift; sourceTree = "<group>"; };
		594B287D2485895D0092D1D9 /* Info.plist */ = {isa = PBXFileReference; lastKnownFileType = text.plist.xml; path = Info.plist; sourceTree = "<group>"; };
		594B28822485895D0092D1D9 /* ConferenceApplicationUITests.xctest */ = {isa = PBXFileReference; explicitFileType = wrapper.cfbundle; includeInIndex = 0; path = ConferenceApplicationUITests.xctest; sourceTree = BUILT_PRODUCTS_DIR; };
		594B28862485895D0092D1D9 /* ConferenceApplicationUITests.swift */ = {isa = PBXFileReference; lastKnownFileType = sourcecode.swift; path = ConferenceApplicationUITests.swift; sourceTree = "<group>"; };
		594B28882485895D0092D1D9 /* Info.plist */ = {isa = PBXFileReference; lastKnownFileType = text.plist.xml; path = Info.plist; sourceTree = "<group>"; };
		59921C9E248F8EBD00727012 /* RosterAttendee.swift */ = {isa = PBXFileReference; lastKnownFileType = sourcecode.swift; path = RosterAttendee.swift; sourceTree = "<group>"; };
		59FA6EBC24921BF700ABD1C7 /* ViewController.swift */ = {isa = PBXFileReference; lastKnownFileType = sourcecode.swift; path = ViewController.swift; sourceTree = "<group>"; };
		59FA6EBE24921D8100ABD1C7 /* JoinMeetingResponse.swift */ = {isa = PBXFileReference; lastKnownFileType = sourcecode.swift; path = JoinMeetingResponse.swift; sourceTree = "<group>"; };
/* End PBXFileReference section */

/* Begin PBXFrameworksBuildPhase section */
		594B285E2485895C0092D1D9 /* Frameworks */ = {
			isa = PBXFrameworksBuildPhase;
			buildActionMask = 2147483647;
			files = (
				592EA82F2486B2140003ECC3 /* AmazonChimeSDK.framework in Frameworks */,
				592EA8312486B2140003ECC3 /* AmazonChimeSDKMedia.framework in Frameworks */,
			);
			runOnlyForDeploymentPostprocessing = 0;
		};
		594B28742485895D0092D1D9 /* Frameworks */ = {
			isa = PBXFrameworksBuildPhase;
			buildActionMask = 2147483647;
			files = (
			);
			runOnlyForDeploymentPostprocessing = 0;
		};
		594B287F2485895D0092D1D9 /* Frameworks */ = {
			isa = PBXFrameworksBuildPhase;
			buildActionMask = 2147483647;
			files = (
			);
			runOnlyForDeploymentPostprocessing = 0;
		};
/* End PBXFrameworksBuildPhase section */

/* Begin PBXGroup section */
		56B2AD5424918AA300036959 /* UTILS */ = {
			isa = PBXGroup;
			children = (
				56B2AD5024918A3500036959 /* HttpUtils.swift */,
			);
			path = UTILS;
			sourceTree = "<group>";
		};
		592EA82C2486B2140003ECC3 /* Frameworks */ = {
			isa = PBXGroup;
			children = (
				592EA82D2486B2140003ECC3 /* AmazonChimeSDK.framework */,
				592EA82E2486B2140003ECC3 /* AmazonChimeSDKMedia.framework */,
			);
			name = Frameworks;
			sourceTree = "<group>";
		};
		594B28582485895C0092D1D9 = {
			isa = PBXGroup;
			children = (
				594B28632485895C0092D1D9 /* ConferenceApplication */,
				594B287A2485895D0092D1D9 /* ConferenceApplicationTests */,
				594B28852485895D0092D1D9 /* ConferenceApplicationUITests */,
				594B28622485895C0092D1D9 /* Products */,
				592EA82C2486B2140003ECC3 /* Frameworks */,
			);
			sourceTree = "<group>";
		};
		594B28622485895C0092D1D9 /* Products */ = {
			isa = PBXGroup;
			children = (
				594B28612485895C0092D1D9 /* Jalsa.app */,
				594B28772485895D0092D1D9 /* ConferenceApplicationTests.xctest */,
				594B28822485895D0092D1D9 /* ConferenceApplicationUITests.xctest */,
			);
			name = Products;
			sourceTree = "<group>";
		};
		594B28632485895C0092D1D9 /* ConferenceApplication */ = {
			isa = PBXGroup;
			children = (
				56B2AD5424918AA300036959 /* UTILS */,
				59921CA0248F8EFE00727012 /* Data */,
				594B28642485895C0092D1D9 /* AppDelegate.swift */,
				59FA6EBC24921BF700ABD1C7 /* ViewController.swift */,
				594B28662485895C0092D1D9 /* SceneDelegate.swift */,
				594B28682485895C0092D1D9 /* ConferenceRoomViewController.swift */,
				594B286A2485895C0092D1D9 /* Main.storyboard */,
				594B286D2485895D0092D1D9 /* Assets.xcassets */,
				594B286F2485895D0092D1D9 /* LaunchScreen.storyboard */,
				594B28722485895D0092D1D9 /* Info.plist */,
				5652CBBC24913924004CF149 /* AppConfiguration.swift */,
			);
			path = ConferenceApplication;
			sourceTree = "<group>";
		};
		594B287A2485895D0092D1D9 /* ConferenceApplicationTests */ = {
			isa = PBXGroup;
			children = (
				594B287B2485895D0092D1D9 /* ConferenceApplicationTests.swift */,
				594B287D2485895D0092D1D9 /* Info.plist */,
			);
			path = ConferenceApplicationTests;
			sourceTree = "<group>";
		};
		594B28852485895D0092D1D9 /* ConferenceApplicationUITests */ = {
			isa = PBXGroup;
			children = (
				594B28862485895D0092D1D9 /* ConferenceApplicationUITests.swift */,
				594B28882485895D0092D1D9 /* Info.plist */,
			);
			path = ConferenceApplicationUITests;
			sourceTree = "<group>";
		};
		59921CA0248F8EFE00727012 /* Data */ = {
			isa = PBXGroup;
			children = (
				59921C9E248F8EBD00727012 /* RosterAttendee.swift */,
				59FA6EBE24921D8100ABD1C7 /* JoinMeetingResponse.swift */,
			);
			path = Data;
			sourceTree = "<group>";
		};
/* End PBXGroup section */

/* Begin PBXNativeTarget section */
		594B28602485895C0092D1D9 /* ConferenceApplication */ = {
			isa = PBXNativeTarget;
			buildConfigurationList = 594B288B2485895D0092D1D9 /* Build configuration list for PBXNativeTarget "ConferenceApplication" */;
			buildPhases = (
				594B285D2485895C0092D1D9 /* Sources */,
				594B285E2485895C0092D1D9 /* Frameworks */,
				594B285F2485895C0092D1D9 /* Resources */,
				592EA8332486B2140003ECC3 /* Embed Frameworks */,
			);
			buildRules = (
			);
			dependencies = (
			);
			name = ConferenceApplication;
			productName = ConferenceApplication;
			productReference = 594B28612485895C0092D1D9 /* Jalsa.app */;
			productType = "com.apple.product-type.application";
		};
		594B28762485895D0092D1D9 /* ConferenceApplicationTests */ = {
			isa = PBXNativeTarget;
			buildConfigurationList = 594B288E2485895D0092D1D9 /* Build configuration list for PBXNativeTarget "ConferenceApplicationTests" */;
			buildPhases = (
				594B28732485895D0092D1D9 /* Sources */,
				594B28742485895D0092D1D9 /* Frameworks */,
				594B28752485895D0092D1D9 /* Resources */,
			);
			buildRules = (
			);
			dependencies = (
				594B28792485895D0092D1D9 /* PBXTargetDependency */,
			);
			name = ConferenceApplicationTests;
			productName = ConferenceApplicationTests;
			productReference = 594B28772485895D0092D1D9 /* ConferenceApplicationTests.xctest */;
			productType = "com.apple.product-type.bundle.unit-test";
		};
		594B28812485895D0092D1D9 /* ConferenceApplicationUITests */ = {
			isa = PBXNativeTarget;
			buildConfigurationList = 594B28912485895D0092D1D9 /* Build configuration list for PBXNativeTarget "ConferenceApplicationUITests" */;
			buildPhases = (
				594B287E2485895D0092D1D9 /* Sources */,
				594B287F2485895D0092D1D9 /* Frameworks */,
				594B28802485895D0092D1D9 /* Resources */,
			);
			buildRules = (
			);
			dependencies = (
				594B28842485895D0092D1D9 /* PBXTargetDependency */,
			);
			name = ConferenceApplicationUITests;
			productName = ConferenceApplicationUITests;
			productReference = 594B28822485895D0092D1D9 /* ConferenceApplicationUITests.xctest */;
			productType = "com.apple.product-type.bundle.ui-testing";
		};
/* End PBXNativeTarget section */

/* Begin PBXProject section */
		594B28592485895C0092D1D9 /* Project object */ = {
			isa = PBXProject;
			attributes = {
				LastSwiftUpdateCheck = 1150;
				LastUpgradeCheck = 1150;
				ORGANIZATIONNAME = "Hassan Aljanahi";
				TargetAttributes = {
					594B28602485895C0092D1D9 = {
						CreatedOnToolsVersion = 11.5;
					};
					594B28762485895D0092D1D9 = {
						CreatedOnToolsVersion = 11.5;
						TestTargetID = 594B28602485895C0092D1D9;
					};
					594B28812485895D0092D1D9 = {
						CreatedOnToolsVersion = 11.5;
						TestTargetID = 594B28602485895C0092D1D9;
					};
				};
			};
			buildConfigurationList = 594B285C2485895C0092D1D9 /* Build configuration list for PBXProject "ConferenceApplication" */;
			compatibilityVersion = "Xcode 9.3";
			developmentRegion = en;
			hasScannedForEncodings = 0;
			knownRegions = (
				en,
				Base,
			);
			mainGroup = 594B28582485895C0092D1D9;
			productRefGroup = 594B28622485895C0092D1D9 /* Products */;
			projectDirPath = "";
			projectRoot = "";
			targets = (
				594B28602485895C0092D1D9 /* ConferenceApplication */,
				594B28762485895D0092D1D9 /* ConferenceApplicationTests */,
				594B28812485895D0092D1D9 /* ConferenceApplicationUITests */,
			);
		};
/* End PBXProject section */

/* Begin PBXResourcesBuildPhase section */
		594B285F2485895C0092D1D9 /* Resources */ = {
			isa = PBXResourcesBuildPhase;
			buildActionMask = 2147483647;
			files = (
				594B28712485895D0092D1D9 /* LaunchScreen.storyboard in Resources */,
				594B286E2485895D0092D1D9 /* Assets.xcassets in Resources */,
				594B286C2485895C0092D1D9 /* Main.storyboard in Resources */,
			);
			runOnlyForDeploymentPostprocessing = 0;
		};
		594B28752485895D0092D1D9 /* Resources */ = {
			isa = PBXResourcesBuildPhase;
			buildActionMask = 2147483647;
			files = (
			);
			runOnlyForDeploymentPostprocessing = 0;
		};
		594B28802485895D0092D1D9 /* Resources */ = {
			isa = PBXResourcesBuildPhase;
			buildActionMask = 2147483647;
			files = (
			);
			runOnlyForDeploymentPostprocessing = 0;
		};
/* End PBXResourcesBuildPhase section */

/* Begin PBXSourcesBuildPhase section */
		594B285D2485895C0092D1D9 /* Sources */ = {
			isa = PBXSourcesBuildPhase;
			buildActionMask = 2147483647;
			files = (
				59921C9F248F8EBD00727012 /* RosterAttendee.swift in Sources */,
				56B2AD5124918A3500036959 /* HttpUtils.swift in Sources */,
				5652CBBD24913924004CF149 /* AppConfiguration.swift in Sources */,
				594B28692485895C0092D1D9 /* ConferenceRoomViewController.swift in Sources */,
				59FA6EBF24921D8100ABD1C7 /* JoinMeetingResponse.swift in Sources */,
				594B28652485895C0092D1D9 /* AppDelegate.swift in Sources */,
				59FA6EBD24921BF700ABD1C7 /* ViewController.swift in Sources */,
				594B28672485895C0092D1D9 /* SceneDelegate.swift in Sources */,
			);
			runOnlyForDeploymentPostprocessing = 0;
		};
		594B28732485895D0092D1D9 /* Sources */ = {
			isa = PBXSourcesBuildPhase;
			buildActionMask = 2147483647;
			files = (
				594B287C2485895D0092D1D9 /* ConferenceApplicationTests.swift in Sources */,
			);
			runOnlyForDeploymentPostprocessing = 0;
		};
		594B287E2485895D0092D1D9 /* Sources */ = {
			isa = PBXSourcesBuildPhase;
			buildActionMask = 2147483647;
			files = (
				594B28872485895D0092D1D9 /* ConferenceApplicationUITests.swift in Sources */,
			);
			runOnlyForDeploymentPostprocessing = 0;
		};
/* End PBXSourcesBuildPhase section */

/* Begin PBXTargetDependency section */
		594B28792485895D0092D1D9 /* PBXTargetDependency */ = {
			isa = PBXTargetDependency;
			target = 594B28602485895C0092D1D9 /* ConferenceApplication */;
			targetProxy = 594B28782485895D0092D1D9 /* PBXContainerItemProxy */;
		};
		594B28842485895D0092D1D9 /* PBXTargetDependency */ = {
			isa = PBXTargetDependency;
			target = 594B28602485895C0092D1D9 /* ConferenceApplication */;
			targetProxy = 594B28832485895D0092D1D9 /* PBXContainerItemProxy */;
		};
/* End PBXTargetDependency section */

/* Begin PBXVariantGroup section */
		594B286A2485895C0092D1D9 /* Main.storyboard */ = {
			isa = PBXVariantGroup;
			children = (
				594B286B2485895C0092D1D9 /* Base */,
			);
			name = Main.storyboard;
			sourceTree = "<group>";
		};
		594B286F2485895D0092D1D9 /* LaunchScreen.storyboard */ = {
			isa = PBXVariantGroup;
			children = (
				594B28702485895D0092D1D9 /* Base */,
			);
			name = LaunchScreen.storyboard;
			sourceTree = "<group>";
		};
/* End PBXVariantGroup section */

/* Begin XCBuildConfiguration section */
		594B28892485895D0092D1D9 /* Debug */ = {
			isa = XCBuildConfiguration;
			buildSettings = {
				ALWAYS_SEARCH_USER_PATHS = NO;
				CLANG_ANALYZER_NONNULL = YES;
				CLANG_ANALYZER_NUMBER_OBJECT_CONVERSION = YES_AGGRESSIVE;
				CLANG_CXX_LANGUAGE_STANDARD = "gnu++14";
				CLANG_CXX_LIBRARY = "libc++";
				CLANG_ENABLE_MODULES = YES;
				CLANG_ENABLE_OBJC_ARC = YES;
				CLANG_ENABLE_OBJC_WEAK = YES;
				CLANG_WARN_BLOCK_CAPTURE_AUTORELEASING = YES;
				CLANG_WARN_BOOL_CONVERSION = YES;
				CLANG_WARN_COMMA = YES;
				CLANG_WARN_CONSTANT_CONVERSION = YES;
				CLANG_WARN_DEPRECATED_OBJC_IMPLEMENTATIONS = YES;
				CLANG_WARN_DIRECT_OBJC_ISA_USAGE = YES_ERROR;
				CLANG_WARN_DOCUMENTATION_COMMENTS = YES;
				CLANG_WARN_EMPTY_BODY = YES;
				CLANG_WARN_ENUM_CONVERSION = YES;
				CLANG_WARN_INFINITE_RECURSION = YES;
				CLANG_WARN_INT_CONVERSION = YES;
				CLANG_WARN_NON_LITERAL_NULL_CONVERSION = YES;
				CLANG_WARN_OBJC_IMPLICIT_RETAIN_SELF = YES;
				CLANG_WARN_OBJC_LITERAL_CONVERSION = YES;
				CLANG_WARN_OBJC_ROOT_CLASS = YES_ERROR;
				CLANG_WARN_RANGE_LOOP_ANALYSIS = YES;
				CLANG_WARN_STRICT_PROTOTYPES = YES;
				CLANG_WARN_SUSPICIOUS_MOVE = YES;
				CLANG_WARN_UNGUARDED_AVAILABILITY = YES_AGGRESSIVE;
				CLANG_WARN_UNREACHABLE_CODE = YES;
				CLANG_WARN__DUPLICATE_METHOD_MATCH = YES;
				COPY_PHASE_STRIP = NO;
				DEBUG_INFORMATION_FORMAT = dwarf;
				ENABLE_STRICT_OBJC_MSGSEND = YES;
				ENABLE_TESTABILITY = YES;
				FRAMEWORK_SEARCH_PATHS = "";
				GCC_C_LANGUAGE_STANDARD = gnu11;
				GCC_DYNAMIC_NO_PIC = NO;
				GCC_NO_COMMON_BLOCKS = YES;
				GCC_OPTIMIZATION_LEVEL = 0;
				GCC_PREPROCESSOR_DEFINITIONS = (
					"DEBUG=1",
					"$(inherited)",
				);
				GCC_WARN_64_TO_32_BIT_CONVERSION = YES;
				GCC_WARN_ABOUT_RETURN_TYPE = YES_ERROR;
				GCC_WARN_UNDECLARED_SELECTOR = YES;
				GCC_WARN_UNINITIALIZED_AUTOS = YES_AGGRESSIVE;
				GCC_WARN_UNUSED_FUNCTION = YES;
				GCC_WARN_UNUSED_VARIABLE = YES;
				IPHONEOS_DEPLOYMENT_TARGET = 13.5;
				MTL_ENABLE_DEBUG_INFO = INCLUDE_SOURCE;
				MTL_FAST_MATH = YES;
				ONLY_ACTIVE_ARCH = YES;
				SDKROOT = iphoneos;
				SWIFT_ACTIVE_COMPILATION_CONDITIONS = DEBUG;
				SWIFT_OPTIMIZATION_LEVEL = "-Onone";
			};
			name = Debug;
		};
		594B288A2485895D0092D1D9 /* Release */ = {
			isa = XCBuildConfiguration;
			buildSettings = {
				ALWAYS_SEARCH_USER_PATHS = NO;
				CLANG_ANALYZER_NONNULL = YES;
				CLANG_ANALYZER_NUMBER_OBJECT_CONVERSION = YES_AGGRESSIVE;
				CLANG_CXX_LANGUAGE_STANDARD = "gnu++14";
				CLANG_CXX_LIBRARY = "libc++";
				CLANG_ENABLE_MODULES = YES;
				CLANG_ENABLE_OBJC_ARC = YES;
				CLANG_ENABLE_OBJC_WEAK = YES;
				CLANG_WARN_BLOCK_CAPTURE_AUTORELEASING = YES;
				CLANG_WARN_BOOL_CONVERSION = YES;
				CLANG_WARN_COMMA = YES;
				CLANG_WARN_CONSTANT_CONVERSION = YES;
				CLANG_WARN_DEPRECATED_OBJC_IMPLEMENTATIONS = YES;
				CLANG_WARN_DIRECT_OBJC_ISA_USAGE = YES_ERROR;
				CLANG_WARN_DOCUMENTATION_COMMENTS = YES;
				CLANG_WARN_EMPTY_BODY = YES;
				CLANG_WARN_ENUM_CONVERSION = YES;
				CLANG_WARN_INFINITE_RECURSION = YES;
				CLANG_WARN_INT_CONVERSION = YES;
				CLANG_WARN_NON_LITERAL_NULL_CONVERSION = YES;
				CLANG_WARN_OBJC_IMPLICIT_RETAIN_SELF = YES;
				CLANG_WARN_OBJC_LITERAL_CONVERSION = YES;
				CLANG_WARN_OBJC_ROOT_CLASS = YES_ERROR;
				CLANG_WARN_RANGE_LOOP_ANALYSIS = YES;
				CLANG_WARN_STRICT_PROTOTYPES = YES;
				CLANG_WARN_SUSPICIOUS_MOVE = YES;
				CLANG_WARN_UNGUARDED_AVAILABILITY = YES_AGGRESSIVE;
				CLANG_WARN_UNREACHABLE_CODE = YES;
				CLANG_WARN__DUPLICATE_METHOD_MATCH = YES;
				COPY_PHASE_STRIP = NO;
				DEBUG_INFORMATION_FORMAT = "dwarf-with-dsym";
				ENABLE_NS_ASSERTIONS = NO;
				ENABLE_STRICT_OBJC_MSGSEND = YES;
				FRAMEWORK_SEARCH_PATHS = "";
				GCC_C_LANGUAGE_STANDARD = gnu11;
				GCC_NO_COMMON_BLOCKS = YES;
				GCC_WARN_64_TO_32_BIT_CONVERSION = YES;
				GCC_WARN_ABOUT_RETURN_TYPE = YES_ERROR;
				GCC_WARN_UNDECLARED_SELECTOR = YES;
				GCC_WARN_UNINITIALIZED_AUTOS = YES_AGGRESSIVE;
				GCC_WARN_UNUSED_FUNCTION = YES;
				GCC_WARN_UNUSED_VARIABLE = YES;
				IPHONEOS_DEPLOYMENT_TARGET = 13.5;
				MTL_ENABLE_DEBUG_INFO = NO;
				MTL_FAST_MATH = YES;
				SDKROOT = iphoneos;
				SWIFT_COMPILATION_MODE = wholemodule;
				SWIFT_OPTIMIZATION_LEVEL = "-O";
				VALIDATE_PRODUCT = YES;
			};
			name = Release;
		};
		594B288C2485895D0092D1D9 /* Debug */ = {
			isa = XCBuildConfiguration;
			buildSettings = {
				ASSETCATALOG_COMPILER_APPICON_NAME = AppIcon;
				CODE_SIGN_STYLE = Automatic;
				DEVELOPMENT_TEAM = PLZBHD5X47;
				FRAMEWORK_SEARCH_PATHS = (
					"$(SRCROOT)",
					"$(PROJECT_DIR)",
				);
				INFOPLIST_FILE = ConferenceApplication/Info.plist;
				LD_RUNPATH_SEARCH_PATHS = (
					"$(inherited)",
					"@executable_path/Frameworks",
				);
				OTHER_LDFLAGS = (
					"-lc++",
					"-ObjC",
				);
				PRODUCT_BUNDLE_IDENTIFIER = UOB.ConferenceApplication;
				PRODUCT_NAME = Jalsa;
				SWIFT_VERSION = 5.0;
				TARGETED_DEVICE_FAMILY = "1,2";
			};
			name = Debug;
		};
		594B288D2485895D0092D1D9 /* Release */ = {
			isa = XCBuildConfiguration;
			buildSettings = {
				ASSETCATALOG_COMPILER_APPICON_NAME = AppIcon;
				CODE_SIGN_STYLE = Automatic;
				DEVELOPMENT_TEAM = PLZBHD5X47;
				FRAMEWORK_SEARCH_PATHS = (
					"$(SRCROOT)",
					"$(PROJECT_DIR)",
				);
				INFOPLIST_FILE = ConferenceApplication/Info.plist;
				LD_RUNPATH_SEARCH_PATHS = (
					"$(inherited)",
					"@executable_path/Frameworks",
				);
				OTHER_LDFLAGS = (
					"-lc++",
					"-ObjC",
				);
				PRODUCT_BUNDLE_IDENTIFIER = UOB.ConferenceApplication;
				PRODUCT_NAME = Jalsa;
				SWIFT_VERSION = 5.0;
				TARGETED_DEVICE_FAMILY = "1,2";
			};
			name = Release;
		};
		594B288F2485895D0092D1D9 /* Debug */ = {
			isa = XCBuildConfiguration;
			buildSettings = {
				ALWAYS_EMBED_SWIFT_STANDARD_LIBRARIES = YES;
				BUNDLE_LOADER = "$(TEST_HOST)";
				CODE_SIGN_STYLE = Automatic;
				DEVELOPMENT_TEAM = PLZBHD5X47;
				INFOPLIST_FILE = ConferenceApplicationTests/Info.plist;
				IPHONEOS_DEPLOYMENT_TARGET = 13.5;
				LD_RUNPATH_SEARCH_PATHS = (
					"$(inherited)",
					"@executable_path/Frameworks",
					"@loader_path/Frameworks",
				);
				PRODUCT_BUNDLE_IDENTIFIER = UOB.ConferenceApplicationTests;
				PRODUCT_NAME = "$(TARGET_NAME)";
				SWIFT_VERSION = 5.0;
				TARGETED_DEVICE_FAMILY = "1,2";
				TEST_HOST = "$(BUILT_PRODUCTS_DIR)/ConferenceApplication.app/ConferenceApplication";
			};
			name = Debug;
		};
		594B28902485895D0092D1D9 /* Release */ = {
			isa = XCBuildConfiguration;
			buildSettings = {
				ALWAYS_EMBED_SWIFT_STANDARD_LIBRARIES = YES;
				BUNDLE_LOADER = "$(TEST_HOST)";
				CODE_SIGN_STYLE = Automatic;
				DEVELOPMENT_TEAM = PLZBHD5X47;
				INFOPLIST_FILE = ConferenceApplicationTests/Info.plist;
				IPHONEOS_DEPLOYMENT_TARGET = 13.5;
				LD_RUNPATH_SEARCH_PATHS = (
					"$(inherited)",
					"@executable_path/Frameworks",
					"@loader_path/Frameworks",
				);
				PRODUCT_BUNDLE_IDENTIFIER = UOB.ConferenceApplicationTests;
				PRODUCT_NAME = "$(TARGET_NAME)";
				SWIFT_VERSION = 5.0;
				TARGETED_DEVICE_FAMILY = "1,2";
				TEST_HOST = "$(BUILT_PRODUCTS_DIR)/ConferenceApplication.app/ConferenceApplication";
			};
			name = Release;
		};
		594B28922485895D0092D1D9 /* Debug */ = {
			isa = XCBuildConfiguration;
			buildSettings = {
				ALWAYS_EMBED_SWIFT_STANDARD_LIBRARIES = YES;
				CODE_SIGN_STYLE = Automatic;
				DEVELOPMENT_TEAM = PLZBHD5X47;
				INFOPLIST_FILE = ConferenceApplicationUITests/Info.plist;
				LD_RUNPATH_SEARCH_PATHS = (
					"$(inherited)",
					"@executable_path/Frameworks",
					"@loader_path/Frameworks",
				);
				PRODUCT_BUNDLE_IDENTIFIER = UOB.ConferenceApplicationUITests;
				PRODUCT_NAME = "$(TARGET_NAME)";
				SWIFT_VERSION = 5.0;
				TARGETED_DEVICE_FAMILY = "1,2";
				TEST_TARGET_NAME = ConferenceApplication;
			};
			name = Debug;
		};
		594B28932485895D0092D1D9 /* Release */ = {
			isa = XCBuildConfiguration;
			buildSettings = {
				ALWAYS_EMBED_SWIFT_STANDARD_LIBRARIES = YES;
				CODE_SIGN_STYLE = Automatic;
				DEVELOPMENT_TEAM = PLZBHD5X47;
				INFOPLIST_FILE = ConferenceApplicationUITests/Info.plist;
				LD_RUNPATH_SEARCH_PATHS = (
					"$(inherited)",
					"@executable_path/Frameworks",
					"@loader_path/Frameworks",
				);
				PRODUCT_BUNDLE_IDENTIFIER = UOB.ConferenceApplicationUITests;
				PRODUCT_NAME = "$(TARGET_NAME)";
				SWIFT_VERSION = 5.0;
				TARGETED_DEVICE_FAMILY = "1,2";
				TEST_TARGET_NAME = ConferenceApplication;
			};
			name = Release;
		};
/* End XCBuildConfiguration section */

/* Begin XCConfigurationList section */
		594B285C2485895C0092D1D9 /* Build configuration list for PBXProject "ConferenceApplication" */ = {
			isa = XCConfigurationList;
			buildConfigurations = (
				594B28892485895D0092D1D9 /* Debug */,
				594B288A2485895D0092D1D9 /* Release */,
			);
			defaultConfigurationIsVisible = 0;
			defaultConfigurationName = Release;
		};
		594B288B2485895D0092D1D9 /* Build configuration list for PBXNativeTarget "ConferenceApplication" */ = {
			isa = XCConfigurationList;
			buildConfigurations = (
				594B288C2485895D0092D1D9 /* Debug */,
				594B288D2485895D0092D1D9 /* Release */,
			);
			defaultConfigurationIsVisible = 0;
			defaultConfigurationName = Release;
		};
		594B288E2485895D0092D1D9 /* Build configuration list for PBXNativeTarget "ConferenceApplicationTests" */ = {
			isa = XCConfigurationList;
			buildConfigurations = (
				594B288F2485895D0092D1D9 /* Debug */,
				594B28902485895D0092D1D9 /* Release */,
			);
			defaultConfigurationIsVisible = 0;
			defaultConfigurationName = Release;
		};
		594B28912485895D0092D1D9 /* Build configuration list for PBXNativeTarget "ConferenceApplicationUITests" */ = {
			isa = XCConfigurationList;
			buildConfigurations = (
				594B28922485895D0092D1D9 /* Debug */,
				594B28932485895D0092D1D9 /* Release */,
			);
			defaultConfigurationIsVisible = 0;
			defaultConfigurationName = Release;
		};
/* End XCConfigurationList section */
	};
	rootObject = 594B28592485895C0092D1D9 /* Project object */;
}
